
Microsoft Visual Studio Solution File, Format Version 12.00
# Visual Studio 15
VisualStudioVersion = 15.0.26430.12
MinimumVisualStudioVersion = 10.0.40219.1
Project("{FAE04EC0-301F-11D3-BF4B-00C04F79EFBC}") = "AuthServer", "AuthServer\AuthServer.csproj", "{B2873FF7-8937-4438-861F-9FD74D7D3B17}"
EndProject
Project("{FAE04EC0-301F-11D3-BF4B-00C04F79EFBC}") = "AP1", "AP1\AP1.csproj", "{8A481E94-9EBA-4E6B-9D8C-BB76D41AA8FB}"
EndProject
Global
	GlobalSection(SolutionConfigurationPlatforms) = preSolution
		Debug|Any CPU = Debug|Any CPU
		Release|Any CPU = Release|Any CPU
	EndGlobalSection
	GlobalSection(ProjectConfigurationPlatforms) = postSolution
		{B2873FF7-8937-4438-861F-9FD74D7D3B17}.Debug|Any CPU.ActiveCfg = Debug|Any CPU
		{B2873FF7-8937-4438-861F-9FD74D7D3B17}.Debug|Any CPU.Build.0 = Debug|Any CPU
		{B2873FF7-8937-4438-861F-9FD74D7D3B17}.Release|Any CPU.ActiveCfg = Release|Any CPU
		{B2873FF7-8937-4438-861F-9FD74D7D3B17}.Release|Any CPU.Build.0 = Release|Any CPU
		{8A481E94-9EBA-4E6B-9D8C-BB76D41AA8FB}.Debug|Any CPU.ActiveCfg = Debug|Any CPU
		{8A481E94-9EBA-4E6B-9D8C-BB76D41AA8FB}.Debug|Any CPU.Build.0 = Debug|Any CPU
		{8A481E94-9EBA-4E6B-9D8C-BB76D41AA8FB}.Release|Any CPU.ActiveCfg = Release|Any CPU
		{8A481E94-9EBA-4E6B-9D8C-BB76D41AA8FB}.Release|Any CPU.Build.0 = Release|Any CPU
	EndGlobalSection
	GlobalSection(SolutionProperties) = preSolution
		HideSolutionNode = FALSE
	EndGlobalSection
EndGlobal
